
Microsoft Visual Studio Solution File, Format Version 12.00
# Visual Studio Version 16
VisualStudioVersion = 16.0.31112.23
MinimumVisualStudioVersion = 10.0.40219.1
Project("{8BC9CEB8-8B4A-11D0-8D11-00A0C91BC942}") = "OpenGL06_ Coordinate Systems", "OpenGL06_ Coordinate Systems\OpenGL06_ Coordinate Systems.vcxproj", "{5401F1A2-0A60-4998-82F7-7B3887C7EBC5}"
EndProject
Global
	GlobalSection(SolutionConfigurationPlatforms) = preSolution
		Debug|x64 = Debug|x64
		Debug|x86 = Debug|x86
		Release|x64 = Release|x64
		Release|x86 = Release|x86
	EndGlobalSection
	GlobalSection(ProjectConfigurationPlatforms) = postSolution
		{5401F1A2-0A60-4998-82F7-7B3887C7EBC5}.Debug|x64.ActiveCfg = Debug|x64
		{5401F1A2-0A60-4998-82F7-7B3887C7EBC5}.Debug|x64.Build.0 = Debug|x64
		{5401F1A2-0A60-4998-82F7-7B3887C7EBC5}.Debug|x86.ActiveCfg = Debug|Win32
		{5401F1A2-0A60-4998-82F7-7B3887C7EBC5}.Debug|x86.Build.0 = Debug|Win32
		{5401F1A2-0A60-4998-82F7-7B3887C7EBC5}.Release|x64.ActiveCfg = Release|x64
		{5401F1A2-0A60-4998-82F7-7B3887C7EBC5}.Release|x64.Build.0 = Release|x64
		{5401F1A2-0A60-4998-82F7-7B3887C7EBC5}.Release|x86.ActiveCfg = Release|Win32
		{5401F1A2-0A60-4998-82F7-7B3887C7EBC5}.Release|x86.Build.0 = Release|Win32
	EndGlobalSection
	GlobalSection(SolutionProperties) = preSolution
		HideSolutionNode = FALSE
	EndGlobalSection
	GlobalSection(ExtensibilityGlobals) = postSolution
		SolutionGuid = {F00B36E9-2347-4B77-AF20-1EE2BA5213D9}
	EndGlobalSection
EndGlobal
